
Microsoft Visual Studio Solution File, Format Version 12.00
# Visual Studio Version 17
VisualStudioVersion = 17.0.32002.185
MinimumVisualStudioVersion = 10.0.40219.1
Project("{2150E333-8FDC-42A3-9474-1A3956D46DE8}") = "Apps", "Apps", "{D57E42A0-C9E8-4BFD-932C-2E86BA1FB114}"
EndProject
Project("{9A19103F-16F7-4668-BE54-9A1E7A4F7556}") = "SharedWebApp", "Apps\SharedWebApp\SharedWebApp.csproj", "{4D1D3294-EC81-4D8E-A90F-565631CBB746}"
EndProject
Project("{2150E333-8FDC-42A3-9474-1A3956D46DE8}") = "Solution Items", "Solution Items", "{594CCB44-34E7-433A-A6EC-75C2A92EEE40}"
	ProjectSection(SolutionItems) = preProject
		.gitignore = .gitignore
		xti.private.ps1 = xti.private.ps1
		xti.ps1 = xti.ps1
	EndProjectSection
EndProject
Project("{2150E333-8FDC-42A3-9474-1A3956D46DE8}") = "Internal", "Internal", "{EED6D32D-A151-4F22-8D07-A5D51A6667C6}"
EndProject
Project("{9A19103F-16F7-4668-BE54-9A1E7A4F7556}") = "SharedWebApp.Api", "Internal\SharedWebApp.Api\SharedWebApp.Api.csproj", "{884F5301-3265-42E4-932B-72A21653A6C7}"
EndProject
Project("{2150E333-8FDC-42A3-9474-1A3956D46DE8}") = "Tests", "Tests", "{D58F28D6-EBF4-45B8-8589-F242B1D7A0A6}"
EndProject
Project("{9A19103F-16F7-4668-BE54-9A1E7A4F7556}") = "SharedWebApp.Tests", "Tests\SharedWebApp.Tests\SharedWebApp.Tests.csproj", "{40765526-7F3C-4BEB-B52D-DBEA26B74690}"
EndProject
Project("{9A19103F-16F7-4668-BE54-9A1E7A4F7556}") = "LibConsumer", "Tests\LibConsumer\LibConsumer.csproj", "{61D7A9B5-DD20-48B7-8250-82F8FB7520EF}"
EndProject
Project("{9A19103F-16F7-4668-BE54-9A1E7A4F7556}") = "LibProducer", "Tests\LibProducer\LibProducer.csproj", "{4655B82F-BCB4-463A-B165-41AB1C21BFE8}"
EndProject
Global
	GlobalSection(SolutionConfigurationPlatforms) = preSolution
		Debug|Any CPU = Debug|Any CPU
		Release|Any CPU = Release|Any CPU
	EndGlobalSection
	GlobalSection(ProjectConfigurationPlatforms) = postSolution
		{4D1D3294-EC81-4D8E-A90F-565631CBB746}.Debug|Any CPU.ActiveCfg = Debug|Any CPU
		{4D1D3294-EC81-4D8E-A90F-565631CBB746}.Debug|Any CPU.Build.0 = Debug|Any CPU
		{4D1D3294-EC81-4D8E-A90F-565631CBB746}.Release|Any CPU.ActiveCfg = Release|Any CPU
		{4D1D3294-EC81-4D8E-A90F-565631CBB746}.Release|Any CPU.Build.0 = Release|Any CPU
		{884F5301-3265-42E4-932B-72A21653A6C7}.Debug|Any CPU.ActiveCfg = Debug|Any CPU
		{884F5301-3265-42E4-932B-72A21653A6C7}.Debug|Any CPU.Build.0 = Debug|Any CPU
		{884F5301-3265-42E4-932B-72A21653A6C7}.Release|Any CPU.ActiveCfg = Release|Any CPU
		{884F5301-3265-42E4-932B-72A21653A6C7}.Release|Any CPU.Build.0 = Release|Any CPU
		{40765526-7F3C-4BEB-B52D-DBEA26B74690}.Debug|Any CPU.ActiveCfg = Debug|Any CPU
		{40765526-7F3C-4BEB-B52D-DBEA26B74690}.Debug|Any CPU.Build.0 = Debug|Any CPU
		{40765526-7F3C-4BEB-B52D-DBEA26B74690}.Release|Any CPU.ActiveCfg = Release|Any CPU
		{40765526-7F3C-4BEB-B52D-DBEA26B74690}.Release|Any CPU.Build.0 = Release|Any CPU
		{61D7A9B5-DD20-48B7-8250-82F8FB7520EF}.Debug|Any CPU.ActiveCfg = Debug|Any CPU
		{61D7A9B5-DD20-48B7-8250-82F8FB7520EF}.Debug|Any CPU.Build.0 = Debug|Any CPU
		{61D7A9B5-DD20-48B7-8250-82F8FB7520EF}.Release|Any CPU.ActiveCfg = Release|Any CPU
		{61D7A9B5-DD20-48B7-8250-82F8FB7520EF}.Release|Any CPU.Build.0 = Release|Any CPU
		{4655B82F-BCB4-463A-B165-41AB1C21BFE8}.Debug|Any CPU.ActiveCfg = Debug|Any CPU
		{4655B82F-BCB4-463A-B165-41AB1C21BFE8}.Debug|Any CPU.Build.0 = Debug|Any CPU
		{4655B82F-BCB4-463A-B165-41AB1C21BFE8}.Release|Any CPU.ActiveCfg = Release|Any CPU
		{4655B82F-BCB4-463A-B165-41AB1C21BFE8}.Release|Any CPU.Build.0 = Release|Any CPU
	EndGlobalSection
	GlobalSection(SolutionProperties) = preSolution
		HideSolutionNode = FALSE
	EndGlobalSection
	GlobalSection(NestedProjects) = preSolution
		{4D1D3294-EC81-4D8E-A90F-565631CBB746} = {D57E42A0-C9E8-4BFD-932C-2E86BA1FB114}
		{884F5301-3265-42E4-932B-72A21653A6C7} = {EED6D32D-A151-4F22-8D07-A5D51A6667C6}
		{40765526-7F3C-4BEB-B52D-DBEA26B74690} = {D58F28D6-EBF4-45B8-8589-F242B1D7A0A6}
		{61D7A9B5-DD20-48B7-8250-82F8FB7520EF} = {D58F28D6-EBF4-45B8-8589-F242B1D7A0A6}
		{4655B82F-BCB4-463A-B165-41AB1C21BFE8} = {D58F28D6-EBF4-45B8-8589-F242B1D7A0A6}
	EndGlobalSection
	GlobalSection(ExtensibilityGlobals) = postSolution
		SolutionGuid = {F07C5A3B-9E59-420A-B490-64150430F3D8}
	EndGlobalSection
EndGlobal
